// !$*UTF8*$!
{
	archiveVersion = 1;
	classes = {
	};
	objectVersion = 46;
	objects = {

/* Begin PBXBuildFile section */
		90014EDC1D3E799D00E0283F /* ReaderContentView.m in Sources */ = {isa = PBXBuildFile; fileRef = 90014EDB1D3E799D00E0283F /* ReaderContentView.m */; };
		90014EDF1D3E7A8200E0283F /* ReaderContentPage.m in Sources */ = {isa = PBXBuildFile; fileRef = 90014EDE1D3E7A8200E0283F /* ReaderContentPage.m */; };
		90014EE31D3E7AAD00E0283F /* ReaderThumbView.m in Sources */ = {isa = PBXBuildFile; fileRef = 90014EE21D3E7AAD00E0283F /* ReaderThumbView.m */; };
		90014EE91D3E7B2900E0283F /* ReaderConstants.m in Sources */ = {isa = PBXBuildFile; fileRef = 90014EE81D3E7B2900E0283F /* ReaderConstants.m */; };
		90014EEB1D3E7B3700E0283F /* ReaderContentTile.m in Sources */ = {isa = PBXBuildFile; fileRef = 90014EEA1D3E7B3700E0283F /* ReaderContentTile.m */; };
		900B6A8D1D674EED0027B710 /* Courier-Bold.afm in Resources */ = {isa = PBXBuildFile; fileRef = 900B6A7E1D674EED0027B710 /* Courier-Bold.afm */; };
		900B6A8E1D674EED0027B710 /* Courier-BoldOblique.afm in Resources */ = {isa = PBXBuildFile; fileRef = 900B6A7F1D674EED0027B710 /* Courier-BoldOblique.afm */; };
		900B6A8F1D674EED0027B710 /* Courier-Oblique.afm in Resources */ = {isa = PBXBuildFile; fileRef = 900B6A801D674EED0027B710 /* Courier-Oblique.afm */; };
		900B6A901D674EED0027B710 /* Courier.afm in Resources */ = {isa = PBXBuildFile; fileRef = 900B6A811D674EED0027B710 /* Courier.afm */; };
		900B6A911D674EED0027B710 /* Helvetica-Bold.afm in Resources */ = {isa = PBXBuildFile; fileRef = 900B6A821D674EED0027B710 /* Helvetica-Bold.afm */; };
		900B6A921D674EED0027B710 /* Helvetica-BoldOblique.afm in Resources */ = {isa = PBXBuildFile; fileRef = 900B6A831D674EED0027B710 /* Helvetica-BoldOblique.afm */; };
		900B6A931D674EED0027B710 /* Helvetica-Oblique.afm in Resources */ = {isa = PBXBuildFile; fileRef = 900B6A841D674EED0027B710 /* Helvetica-Oblique.afm */; };
		900B6A941D674EED0027B710 /* Helvetica.afm in Resources */ = {isa = PBXBuildFile; fileRef = 900B6A851D674EED0027B710 /* Helvetica.afm */; };
		900B6A951D674EED0027B710 /* MustRead.html in Resources */ = {isa = PBXBuildFile; fileRef = 900B6A861D674EED0027B710 /* MustRead.html */; };
		900B6A961D674EED0027B710 /* Symbol.afm in Resources */ = {isa = PBXBuildFile; fileRef = 900B6A871D674EED0027B710 /* Symbol.afm */; };
		900B6A971D674EED0027B710 /* Times-Bold.afm in Resources */ = {isa = PBXBuildFile; fileRef = 900B6A881D674EED0027B710 /* Times-Bold.afm */; };
		900B6A981D674EED0027B710 /* Times-BoldItalic.afm in Resources */ = {isa = PBXBuildFile; fileRef = 900B6A891D674EED0027B710 /* Times-BoldItalic.afm */; };
		900B6A991D674EED0027B710 /* Times-Italic.afm in Resources */ = {isa = PBXBuildFile; fileRef = 900B6A8A1D674EED0027B710 /* Times-Italic.afm */; };
		900B6A9A1D674EED0027B710 /* Times-Roman.afm in Resources */ = {isa = PBXBuildFile; fileRef = 900B6A8B1D674EED0027B710 /* Times-Roman.afm */; };
		900B6A9B1D674EED0027B710 /* ZapfDingbats.afm in Resources */ = {isa = PBXBuildFile; fileRef = 900B6A8C1D674EED0027B710 /* ZapfDingbats.afm */; };
		9025EAFB1D3FCC78006CA315 /* RenderingState.m in Sources */ = {isa = PBXBuildFile; fileRef = 9025EAFA1D3FCC78006CA315 /* RenderingState.m */; };
		903043141D24268F0060290E /* test.pdf in Resources */ = {isa = PBXBuildFile; fileRef = 903043131D24268F0060290E /* test.pdf */; };
		903043191D242CBC0060290E /* ResultsDrawView.swift in Sources */ = {isa = PBXBuildFile; fileRef = 903043181D242CBC0060290E /* ResultsDrawView.swift */; };
		9031ADC01D265BC100CB04AE /* PDFFont.m in Sources */ = {isa = PBXBuildFile; fileRef = 9031ADBF1D265BC100CB04AE /* PDFFont.m */; };
		904CE53C1D4A5D1B0097ACA2 /* unsearch.pdf in Resources */ = {isa = PBXBuildFile; fileRef = 904CE53B1D4A5D1B0097ACA2 /* unsearch.pdf */; };
		90587D2D1D5B158500C16FF8 /* failsearch.pdf in Resources */ = {isa = PBXBuildFile; fileRef = 90587D2C1D5B158500C16FF8 /* failsearch.pdf */; };
		908118021D621BE600CD4FC9 /* Untitled.pdf in Resources */ = {isa = PBXBuildFile; fileRef = 908118011D621BE600CD4FC9 /* Untitled.pdf */; };
		90DA1DC51D1C48EB00519EE9 /* AppDelegate.swift in Sources */ = {isa = PBXBuildFile; fileRef = 90DA1DC41D1C48EB00519EE9 /* AppDelegate.swift */; };
		90DA1DC71D1C48EB00519EE9 /* ViewController.swift in Sources */ = {isa = PBXBuildFile; fileRef = 90DA1DC61D1C48EB00519EE9 /* ViewController.swift */; };
		90DA1DCA1D1C48EB00519EE9 /* Main.storyboard in Resources */ = {isa = PBXBuildFile; fileRef = 90DA1DC81D1C48EB00519EE9 /* Main.storyboard */; };
		90DA1DCC1D1C48EB00519EE9 /* Assets.xcassets in Resources */ = {isa = PBXBuildFile; fileRef = 90DA1DCB1D1C48EB00519EE9 /* Assets.xcassets */; };
		90DA1DCF1D1C48EB00519EE9 /* LaunchScreen.storyboard in Resources */ = {isa = PBXBuildFile; fileRef = 90DA1DCD1D1C48EB00519EE9 /* LaunchScreen.storyboard */; };
		90DA1DDA1D1C48EB00519EE9 /* PDFKitTests.swift in Sources */ = {isa = PBXBuildFile; fileRef = 90DA1DD91D1C48EB00519EE9 /* PDFKitTests.swift */; };
		90DA1DE81D1C499800519EE9 /* PDFSearcher.m in Sources */ = {isa = PBXBuildFile; fileRef = 90DA1DE71D1C499800519EE9 /* PDFSearcher.m */; };
		90DA1DEB1D1C49F600519EE9 /* test_simple.pdf in Resources */ = {isa = PBXBuildFile; fileRef = 90DA1DEA1D1C49F600519EE9 /* test_simple.pdf */; };
		90DA1DED1D1C4A8900519EE9 /* CoreGraphics.framework in Frameworks */ = {isa = PBXBuildFile; fileRef = 90DA1DEC1D1C4A8900519EE9 /* CoreGraphics.framework */; };
		90DA1DF01D1C4E7000519EE9 /* PDFDocument.m in Sources */ = {isa = PBXBuildFile; fileRef = 90DA1DEF1D1C4E7000519EE9 /* PDFDocument.m */; };
		90DA1DF61D1C590E00519EE9 /* ToUnicodeMapper.swift in Sources */ = {isa = PBXBuildFile; fileRef = 90DA1DF51D1C590E00519EE9 /* ToUnicodeMapper.swift */; };
/* End PBXBuildFile section */

/* Begin PBXContainerItemProxy section */
		90DA1DD61D1C48EB00519EE9 /* PBXContainerItemProxy */ = {
			isa = PBXContainerItemProxy;
			containerPortal = 90DA1DB91D1C48EB00519EE9 /* Project object */;
			proxyType = 1;
			remoteGlobalIDString = 90DA1DC01D1C48EB00519EE9;
			remoteInfo = PDFKit;
		};
/* End PBXContainerItemProxy section */

/* Begin PBXFileReference section */
		90014EDA1D3E799D00E0283F /* ReaderContentView.h */ = {isa = PBXFileReference; fileEncoding = 4; lastKnownFileType = sourcecode.c.h; path = ReaderContentView.h; sourceTree = "<group>"; };
		90014EDB1D3E799D00E0283F /* ReaderContentView.m */ = {isa = PBXFileReference; fileEncoding = 4; lastKnownFileType = sourcecode.c.objc; path = ReaderContentView.m; sourceTree = "<group>"; };
		90014EDD1D3E7A8200E0283F /* ReaderContentPage.h */ = {isa = PBXFileReference; fileEncoding = 4; lastKnownFileType = sourcecode.c.h; path = ReaderContentPage.h; sourceTree = "<group>"; };
		90014EDE1D3E7A8200E0283F /* ReaderContentPage.m */ = {isa = PBXFileReference; fileEncoding = 4; lastKnownFileType = sourcecode.c.objc; path = ReaderContentPage.m; sourceTree = "<group>"; };
		90014EE01D3E7A9700E0283F /* ReaderConstants.h */ = {isa = PBXFileReference; lastKnownFileType = sourcecode.c.h; path = ReaderConstants.h; sourceTree = "<group>"; };
		90014EE11D3E7AAD00E0283F /* ReaderThumbView.h */ = {isa = PBXFileReference; fileEncoding = 4; lastKnownFileType = sourcecode.c.h; path = ReaderThumbView.h; sourceTree = "<group>"; };
		90014EE21D3E7AAD00E0283F /* ReaderThumbView.m */ = {isa = PBXFileReference; fileEncoding = 4; lastKnownFileType = sourcecode.c.objc; path = ReaderThumbView.m; sourceTree = "<group>"; };
		90014EE51D3E7AEC00E0283F /* ReaderContentTile.h */ = {isa = PBXFileReference; lastKnownFileType = sourcecode.c.h; path = ReaderContentTile.h; sourceTree = "<group>"; };
		90014EE81D3E7B2900E0283F /* ReaderConstants.m */ = {isa = PBXFileReference; fileEncoding = 4; lastKnownFileType = sourcecode.c.objc; path = ReaderConstants.m; sourceTree = "<group>"; };
		90014EEA1D3E7B3700E0283F /* ReaderContentTile.m */ = {isa = PBXFileReference; fileEncoding = 4; lastKnownFileType = sourcecode.c.objc; path = ReaderContentTile.m; sourceTree = "<group>"; };
		900B6A7E1D674EED0027B710 /* Courier-Bold.afm */ = {isa = PBXFileReference; fileEncoding = 4; lastKnownFileType = text; path = "Courier-Bold.afm"; sourceTree = "<group>"; };
		900B6A7F1D674EED0027B710 /* Courier-BoldOblique.afm */ = {isa = PBXFileReference; fileEncoding = 4; lastKnownFileType = text; path = "Courier-BoldOblique.afm"; sourceTree = "<group>"; };
		900B6A801D674EED0027B710 /* Courier-Oblique.afm */ = {isa = PBXFileReference; fileEncoding = 4; lastKnownFileType = text; path = "Courier-Oblique.afm"; sourceTree = "<group>"; };
		900B6A811D674EED0027B710 /* Courier.afm */ = {isa = PBXFileReference; fileEncoding = 4; lastKnownFileType = text; path = Courier.afm; sourceTree = "<group>"; };
		900B6A821D674EED0027B710 /* Helvetica-Bold.afm */ = {isa = PBXFileReference; fileEncoding = 4; lastKnownFileType = text; path = "Helvetica-Bold.afm"; sourceTree = "<group>"; };
		900B6A831D674EED0027B710 /* Helvetica-BoldOblique.afm */ = {isa = PBXFileReference; fileEncoding = 4; lastKnownFileType = text; path = "Helvetica-BoldOblique.afm"; sourceTree = "<group>"; };
		900B6A841D674EED0027B710 /* Helvetica-Oblique.afm */ = {isa = PBXFileReference; fileEncoding = 4; lastKnownFileType = text; path = "Helvetica-Oblique.afm"; sourceTree = "<group>"; };
		900B6A851D674EED0027B710 /* Helvetica.afm */ = {isa = PBXFileReference; fileEncoding = 4; lastKnownFileType = text; path = Helvetica.afm; sourceTree = "<group>"; };
		900B6A861D674EED0027B710 /* MustRead.html */ = {isa = PBXFileReference; fileEncoding = 4; lastKnownFileType = text.html; path = MustRead.html; sourceTree = "<group>"; };
		900B6A871D674EED0027B710 /* Symbol.afm */ = {isa = PBXFileReference; fileEncoding = 4; lastKnownFileType = text; path = Symbol.afm; sourceTree = "<group>"; };
		900B6A881D674EED0027B710 /* Times-Bold.afm */ = {isa = PBXFileReference; fileEncoding = 4; lastKnownFileType = text; path = "Times-Bold.afm"; sourceTree = "<group>"; };
		900B6A891D674EED0027B710 /* Times-BoldItalic.afm */ = {isa = PBXFileReference; fileEncoding = 4; lastKnownFileType = text; path = "Times-BoldItalic.afm"; sourceTree = "<group>"; };
		900B6A8A1D674EED0027B710 /* Times-Italic.afm */ = {isa = PBXFileReference; fileEncoding = 4; lastKnownFileType = text; path = "Times-Italic.afm"; sourceTree = "<group>"; };
		900B6A8B1D674EED0027B710 /* Times-Roman.afm */ = {isa = PBXFileReference; fileEncoding = 4; lastKnownFileType = text; path = "Times-Roman.afm"; sourceTree = "<group>"; };
		900B6A8C1D674EED0027B710 /* ZapfDingbats.afm */ = {isa = PBXFileReference; fileEncoding = 4; lastKnownFileType = text; path = ZapfDingbats.afm; sourceTree = "<group>"; };
		9025EAF91D3FCC78006CA315 /* RenderingState.h */ = {isa = PBXFileReference; fileEncoding = 4; lastKnownFileType = sourcecode.c.h; path = RenderingState.h; sourceTree = "<group>"; };
		9025EAFA1D3FCC78006CA315 /* RenderingState.m */ = {isa = PBXFileReference; fileEncoding = 4; lastKnownFileType = sourcecode.c.objc; path = RenderingState.m; sourceTree = "<group>"; };
		903043131D24268F0060290E /* test.pdf */ = {isa = PBXFileReference; lastKnownFileType = image.pdf; path = test.pdf; sourceTree = "<group>"; };
		903043181D242CBC0060290E /* ResultsDrawView.swift */ = {isa = PBXFileReference; fileEncoding = 4; lastKnownFileType = sourcecode.swift; path = ResultsDrawView.swift; sourceTree = "<group>"; };
		9031ADBE1D265BC100CB04AE /* PDFFont.h */ = {isa = PBXFileReference; fileEncoding = 4; lastKnownFileType = sourcecode.c.h; path = PDFFont.h; sourceTree = "<group>"; };
		9031ADBF1D265BC100CB04AE /* PDFFont.m */ = {isa = PBXFileReference; fileEncoding = 4; lastKnownFileType = sourcecode.c.objc; path = PDFFont.m; sourceTree = "<group>"; };
		904CE53B1D4A5D1B0097ACA2 /* unsearch.pdf */ = {isa = PBXFileReference; lastKnownFileType = image.pdf; path = unsearch.pdf; sourceTree = "<group>"; };
		90587D2C1D5B158500C16FF8 /* failsearch.pdf */ = {isa = PBXFileReference; lastKnownFileType = image.pdf; path = failsearch.pdf; sourceTree = "<group>"; };
		908118011D621BE600CD4FC9 /* Untitled.pdf */ = {isa = PBXFileReference; lastKnownFileType = image.pdf; path = Untitled.pdf; sourceTree = "<group>"; };
		90DA1DC11D1C48EB00519EE9 /* PDFKit.app */ = {isa = PBXFileReference; explicitFileType = wrapper.application; includeInIndex = 0; path = PDFKit.app; sourceTree = BUILT_PRODUCTS_DIR; };
		90DA1DC41D1C48EB00519EE9 /* AppDelegate.swift */ = {isa = PBXFileReference; lastKnownFileType = sourcecode.swift; path = AppDelegate.swift; sourceTree = "<group>"; };
		90DA1DC61D1C48EB00519EE9 /* ViewController.swift */ = {isa = PBXFileReference; lastKnownFileType = sourcecode.swift; path = ViewController.swift; sourceTree = "<group>"; };
		90DA1DC91D1C48EB00519EE9 /* Base */ = {isa = PBXFileReference; lastKnownFileType = file.storyboard; name = Base; path = Base.lproj/Main.storyboard; sourceTree = "<group>"; };
		90DA1DCB1D1C48EB00519EE9 /* Assets.xcassets */ = {isa = PBXFileReference; lastKnownFileType = folder.assetcatalog; path = Assets.xcassets; sourceTree = "<group>"; };
		90DA1DCE1D1C48EB00519EE9 /* Base */ = {isa = PBXFileReference; lastKnownFileType = file.storyboard; name = Base; path = Base.lproj/LaunchScreen.storyboard; sourceTree = "<group>"; };
		90DA1DD01D1C48EB00519EE9 /* Info.plist */ = {isa = PBXFileReference; lastKnownFileType = text.plist.xml; path = Info.plist; sourceTree = "<group>"; };
		90DA1DD51D1C48EB00519EE9 /* PDFKitTests.xctest */ = {isa = PBXFileReference; explicitFileType = wrapper.cfbundle; includeInIndex = 0; path = PDFKitTests.xctest; sourceTree = BUILT_PRODUCTS_DIR; };
		90DA1DD91D1C48EB00519EE9 /* PDFKitTests.swift */ = {isa = PBXFileReference; lastKnownFileType = sourcecode.swift; path = PDFKitTests.swift; sourceTree = "<group>"; };
		90DA1DDB1D1C48EB00519EE9 /* Info.plist */ = {isa = PBXFileReference; lastKnownFileType = text.plist.xml; path = Info.plist; sourceTree = "<group>"; };
		90DA1DE51D1C499700519EE9 /* PDFKit-Bridging-Header.h */ = {isa = PBXFileReference; lastKnownFileType = sourcecode.c.h; path = "PDFKit-Bridging-Header.h"; sourceTree = "<group>"; };
		90DA1DE61D1C499800519EE9 /* PDFSearcher.h */ = {isa = PBXFileReference; fileEncoding = 4; lastKnownFileType = sourcecode.c.h; path = PDFSearcher.h; sourceTree = "<group>"; };
		90DA1DE71D1C499800519EE9 /* PDFSearcher.m */ = {isa = PBXFileReference; fileEncoding = 4; lastKnownFileType = sourcecode.c.objc; path = PDFSearcher.m; sourceTree = "<group>"; };
		90DA1DEA1D1C49F600519EE9 /* test_simple.pdf */ = {isa = PBXFileReference; lastKnownFileType = image.pdf; path = test_simple.pdf; sourceTree = "<group>"; };
		90DA1DEC1D1C4A8900519EE9 /* CoreGraphics.framework */ = {isa = PBXFileReference; lastKnownFileType = wrapper.framework; name = CoreGraphics.framework; path = System/Library/Frameworks/CoreGraphics.framework; sourceTree = SDKROOT; };
		90DA1DEE1D1C4E7000519EE9 /* PDFDocument.h */ = {isa = PBXFileReference; fileEncoding = 4; lastKnownFileType = sourcecode.c.h; path = PDFDocument.h; sourceTree = "<group>"; };
		90DA1DEF1D1C4E7000519EE9 /* PDFDocument.m */ = {isa = PBXFileReference; fileEncoding = 4; lastKnownFileType = sourcecode.c.objc; path = PDFDocument.m; sourceTree = "<group>"; };
		90DA1DF41D1C531700519EE9 /* PDFKit.h */ = {isa = PBXFileReference; fileEncoding = 4; lastKnownFileType = sourcecode.c.h; path = PDFKit.h; sourceTree = "<group>"; };
		90DA1DF51D1C590E00519EE9 /* ToUnicodeMapper.swift */ = {isa = PBXFileReference; fileEncoding = 4; lastKnownFileType = sourcecode.swift; path = ToUnicodeMapper.swift; sourceTree = "<group>"; };
/* End PBXFileReference section */

/* Begin PBXFrameworksBuildPhase section */
		90DA1DBE1D1C48EB00519EE9 /* Frameworks */ = {
			isa = PBXFrameworksBuildPhase;
			buildActionMask = 2147483647;
			files = (
				90DA1DED1D1C4A8900519EE9 /* CoreGraphics.framework in Frameworks */,
			);
			runOnlyForDeploymentPostprocessing = 0;
		};
		90DA1DD21D1C48EB00519EE9 /* Frameworks */ = {
			isa = PBXFrameworksBuildPhase;
			buildActionMask = 2147483647;
			files = (
			);
			runOnlyForDeploymentPostprocessing = 0;
		};
/* End PBXFrameworksBuildPhase section */

/* Begin PBXGroup section */
		90014EEC1D3E7BEC00E0283F /* PDF Render */ = {
			isa = PBXGroup;
			children = (
				90014EE01D3E7A9700E0283F /* ReaderConstants.h */,
				90014EE81D3E7B2900E0283F /* ReaderConstants.m */,
				90014EDA1D3E799D00E0283F /* ReaderContentView.h */,
				90014EDB1D3E799D00E0283F /* ReaderContentView.m */,
				90014EDD1D3E7A8200E0283F /* ReaderContentPage.h */,
				90014EDE1D3E7A8200E0283F /* ReaderContentPage.m */,
				90014EE11D3E7AAD00E0283F /* ReaderThumbView.h */,
				90014EE21D3E7AAD00E0283F /* ReaderThumbView.m */,
				90014EE51D3E7AEC00E0283F /* ReaderContentTile.h */,
				90014EEA1D3E7B3700E0283F /* ReaderContentTile.m */,
			);
			name = "PDF Render";
			sourceTree = "<group>";
		};
		900B6A7D1D674EED0027B710 /* Core14_AFMs */ = {
			isa = PBXGroup;
			children = (
				900B6A7E1D674EED0027B710 /* Courier-Bold.afm */,
				900B6A7F1D674EED0027B710 /* Courier-BoldOblique.afm */,
				900B6A801D674EED0027B710 /* Courier-Oblique.afm */,
				900B6A811D674EED0027B710 /* Courier.afm */,
				900B6A821D674EED0027B710 /* Helvetica-Bold.afm */,
				900B6A831D674EED0027B710 /* Helvetica-BoldOblique.afm */,
				900B6A841D674EED0027B710 /* Helvetica-Oblique.afm */,
				900B6A851D674EED0027B710 /* Helvetica.afm */,
				900B6A861D674EED0027B710 /* MustRead.html */,
				900B6A871D674EED0027B710 /* Symbol.afm */,
				900B6A881D674EED0027B710 /* Times-Bold.afm */,
				900B6A891D674EED0027B710 /* Times-BoldItalic.afm */,
				900B6A8A1D674EED0027B710 /* Times-Italic.afm */,
				900B6A8B1D674EED0027B710 /* Times-Roman.afm */,
				900B6A8C1D674EED0027B710 /* ZapfDingbats.afm */,
			);
			path = Core14_AFMs;
			sourceTree = "<group>";
		};
		90DA1DB81D1C48EB00519EE9 = {
			isa = PBXGroup;
			children = (
				90DA1DEC1D1C4A8900519EE9 /* CoreGraphics.framework */,
				90DA1DEA1D1C49F600519EE9 /* test_simple.pdf */,
				903043131D24268F0060290E /* test.pdf */,
				908118011D621BE600CD4FC9 /* Untitled.pdf */,
				904CE53B1D4A5D1B0097ACA2 /* unsearch.pdf */,
				90587D2C1D5B158500C16FF8 /* failsearch.pdf */,
				90DA1DC31D1C48EB00519EE9 /* PDFKit */,
				90DA1DD81D1C48EB00519EE9 /* PDFKitTests */,
				90DA1DC21D1C48EB00519EE9 /* Products */,
			);
			sourceTree = "<group>";
		};
		90DA1DC21D1C48EB00519EE9 /* Products */ = {
			isa = PBXGroup;
			children = (
				90DA1DC11D1C48EB00519EE9 /* PDFKit.app */,
				90DA1DD51D1C48EB00519EE9 /* PDFKitTests.xctest */,
			);
			name = Products;
			sourceTree = "<group>";
		};
		90DA1DC31D1C48EB00519EE9 /* PDFKit */ = {
			isa = PBXGroup;
			children = (
				90DA1DC41D1C48EB00519EE9 /* AppDelegate.swift */,
				90014EEC1D3E7BEC00E0283F /* PDF Render */,
				90DA1DE41D1C497900519EE9 /* ObjC */,
				90DA1DF51D1C590E00519EE9 /* ToUnicodeMapper.swift */,
				90DA1DC61D1C48EB00519EE9 /* ViewController.swift */,
				903043181D242CBC0060290E /* ResultsDrawView.swift */,
				90DA1DE91D1C49A800519EE9 /* SupportFiles */,
			);
			path = PDFKit;
			sourceTree = "<group>";
		};
		90DA1DD81D1C48EB00519EE9 /* PDFKitTests */ = {
			isa = PBXGroup;
			children = (
				90DA1DD91D1C48EB00519EE9 /* PDFKitTests.swift */,
				90DA1DDB1D1C48EB00519EE9 /* Info.plist */,
			);
			path = PDFKitTests;
			sourceTree = "<group>";
		};
		90DA1DE41D1C497900519EE9 /* ObjC */ = {
			isa = PBXGroup;
			children = (
				90DA1DF41D1C531700519EE9 /* PDFKit.h */,
				90DA1DE61D1C499800519EE9 /* PDFSearcher.h */,
				90DA1DE71D1C499800519EE9 /* PDFSearcher.m */,
				9031ADBE1D265BC100CB04AE /* PDFFont.h */,
				9031ADBF1D265BC100CB04AE /* PDFFont.m */,
				90DA1DEE1D1C4E7000519EE9 /* PDFDocument.h */,
				90DA1DEF1D1C4E7000519EE9 /* PDFDocument.m */,
				9025EAF91D3FCC78006CA315 /* RenderingState.h */,
				9025EAFA1D3FCC78006CA315 /* RenderingState.m */,
			);
			name = ObjC;
			sourceTree = "<group>";
		};
		90DA1DE91D1C49A800519EE9 /* SupportFiles */ = {
			isa = PBXGroup;
			children = (
				900B6A7D1D674EED0027B710 /* Core14_AFMs */,
				90DA1DC81D1C48EB00519EE9 /* Main.storyboard */,
				90DA1DE51D1C499700519EE9 /* PDFKit-Bridging-Header.h */,
				90DA1DCB1D1C48EB00519EE9 /* Assets.xcassets */,
				90DA1DCD1D1C48EB00519EE9 /* LaunchScreen.storyboard */,
				90DA1DD01D1C48EB00519EE9 /* Info.plist */,
			);
			name = SupportFiles;
			sourceTree = "<group>";
		};
/* End PBXGroup section */

/* Begin PBXNativeTarget section */
		90DA1DC01D1C48EB00519EE9 /* PDFKit */ = {
			isa = PBXNativeTarget;
			buildConfigurationList = 90DA1DDE1D1C48EB00519EE9 /* Build configuration list for PBXNativeTarget "PDFKit" */;
			buildPhases = (
				90DA1DBD1D1C48EB00519EE9 /* Sources */,
				90DA1DBE1D1C48EB00519EE9 /* Frameworks */,
				90DA1DBF1D1C48EB00519EE9 /* Resources */,
			);
			buildRules = (
			);
			dependencies = (
			);
			name = PDFKit;
			productName = PDFKit;
			productReference = 90DA1DC11D1C48EB00519EE9 /* PDFKit.app */;
			productType = "com.apple.product-type.application";
		};
		90DA1DD41D1C48EB00519EE9 /* PDFKitTests */ = {
			isa = PBXNativeTarget;
			buildConfigurationList = 90DA1DE11D1C48EB00519EE9 /* Build configuration list for PBXNativeTarget "PDFKitTests" */;
			buildPhases = (
				90DA1DD11D1C48EB00519EE9 /* Sources */,
				90DA1DD21D1C48EB00519EE9 /* Frameworks */,
				90DA1DD31D1C48EB00519EE9 /* Resources */,
			);
			buildRules = (
			);
			dependencies = (
				90DA1DD71D1C48EB00519EE9 /* PBXTargetDependency */,
			);
			name = PDFKitTests;
			productName = PDFKitTests;
			productReference = 90DA1DD51D1C48EB00519EE9 /* PDFKitTests.xctest */;
			productType = "com.apple.product-type.bundle.unit-test";
		};
/* End PBXNativeTarget section */

/* Begin PBXProject section */
		90DA1DB91D1C48EB00519EE9 /* Project object */ = {
			isa = PBXProject;
			attributes = {
				LastSwiftUpdateCheck = 0730;
				LastUpgradeCheck = 0730;
				ORGANIZATIONNAME = "Evgeny Bogomolov";
				TargetAttributes = {
					90DA1DC01D1C48EB00519EE9 = {
						CreatedOnToolsVersion = 7.3.1;
					};
					90DA1DD41D1C48EB00519EE9 = {
						CreatedOnToolsVersion = 7.3.1;
						TestTargetID = 90DA1DC01D1C48EB00519EE9;
					};
				};
			};
			buildConfigurationList = 90DA1DBC1D1C48EB00519EE9 /* Build configuration list for PBXProject "PDFKit" */;
			compatibilityVersion = "Xcode 3.2";
			developmentRegion = English;
			hasScannedForEncodings = 0;
			knownRegions = (
				en,
				Base,
			);
			mainGroup = 90DA1DB81D1C48EB00519EE9;
			productRefGroup = 90DA1DC21D1C48EB00519EE9 /* Products */;
			projectDirPath = "";
			projectRoot = "";
			targets = (
				90DA1DC01D1C48EB00519EE9 /* PDFKit */,
				90DA1DD41D1C48EB00519EE9 /* PDFKitTests */,
			);
		};
/* End PBXProject section */

/* Begin PBXResourcesBuildPhase section */
		90DA1DBF1D1C48EB00519EE9 /* Resources */ = {
			isa = PBXResourcesBuildPhase;
			buildActionMask = 2147483647;
			files = (
				900B6A961D674EED0027B710 /* Symbol.afm in Resources */,
				90DA1DEB1D1C49F600519EE9 /* test_simple.pdf in Resources */,
				90DA1DCF1D1C48EB00519EE9 /* LaunchScreen.storyboard in Resources */,
				900B6A9B1D674EED0027B710 /* ZapfDingbats.afm in Resources */,
				900B6A931D674EED0027B710 /* Helvetica-Oblique.afm in Resources */,
				900B6A901D674EED0027B710 /* Courier.afm in Resources */,
				900B6A941D674EED0027B710 /* Helvetica.afm in Resources */,
				900B6A8D1D674EED0027B710 /* Courier-Bold.afm in Resources */,
				900B6A8F1D674EED0027B710 /* Courier-Oblique.afm in Resources */,
				900B6A8E1D674EED0027B710 /* Courier-BoldOblique.afm in Resources */,
				900B6A951D674EED0027B710 /* MustRead.html in Resources */,
				90587D2D1D5B158500C16FF8 /* failsearch.pdf in Resources */,
				90DA1DCC1D1C48EB00519EE9 /* Assets.xcassets in Resources */,
				90DA1DCA1D1C48EB00519EE9 /* Main.storyboard in Resources */,
				908118021D621BE600CD4FC9 /* Untitled.pdf in Resources */,
				904CE53C1D4A5D1B0097ACA2 /* unsearch.pdf in Resources */,
				900B6A9A1D674EED0027B710 /* Times-Roman.afm in Resources */,
				903043141D24268F0060290E /* test.pdf in Resources */,
				900B6A981D674EED0027B710 /* Times-BoldItalic.afm in Resources */,
				900B6A971D674EED0027B710 /* Times-Bold.afm in Resources */,
				900B6A911D674EED0027B710 /* Helvetica-Bold.afm in Resources */,
				900B6A991D674EED0027B710 /* Times-Italic.afm in Resources */,
				900B6A921D674EED0027B710 /* Helvetica-BoldOblique.afm in Resources */,
			);
			runOnlyForDeploymentPostprocessing = 0;
		};
		90DA1DD31D1C48EB00519EE9 /* Resources */ = {
			isa = PBXResourcesBuildPhase;
			buildActionMask = 2147483647;
			files = (
			);
			runOnlyForDeploymentPostprocessing = 0;
		};
/* End PBXResourcesBuildPhase section */

/* Begin PBXSourcesBuildPhase section */
		90DA1DBD1D1C48EB00519EE9 /* Sources */ = {
			isa = PBXSourcesBuildPhase;
			buildActionMask = 2147483647;
			files = (
				90014EE91D3E7B2900E0283F /* ReaderConstants.m in Sources */,
				90DA1DC71D1C48EB00519EE9 /* ViewController.swift in Sources */,
				9031ADC01D265BC100CB04AE /* PDFFont.m in Sources */,
				90014EEB1D3E7B3700E0283F /* ReaderContentTile.m in Sources */,
				90014EE31D3E7AAD00E0283F /* ReaderThumbView.m in Sources */,
				90DA1DF01D1C4E7000519EE9 /* PDFDocument.m in Sources */,
				90014EDC1D3E799D00E0283F /* ReaderContentView.m in Sources */,
				9025EAFB1D3FCC78006CA315 /* RenderingState.m in Sources */,
				90DA1DE81D1C499800519EE9 /* PDFSearcher.m in Sources */,
				903043191D242CBC0060290E /* ResultsDrawView.swift in Sources */,
				90DA1DC51D1C48EB00519EE9 /* AppDelegate.swift in Sources */,
				90014EDF1D3E7A8200E0283F /* ReaderContentPage.m in Sources */,
				90DA1DF61D1C590E00519EE9 /* ToUnicodeMapper.swift in Sources */,
			);
			runOnlyForDeploymentPostprocessing = 0;
		};
		90DA1DD11D1C48EB00519EE9 /* Sources */ = {
			isa = PBXSourcesBuildPhase;
			buildActionMask = 2147483647;
			files = (
				90DA1DDA1D1C48EB00519EE9 /* PDFKitTests.swift in Sources */,
			);
			runOnlyForDeploymentPostprocessing = 0;
		};
/* End PBXSourcesBuildPhase section */

/* Begin PBXTargetDependency section */
		90DA1DD71D1C48EB00519EE9 /* PBXTargetDependency */ = {
			isa = PBXTargetDependency;
			target = 90DA1DC01D1C48EB00519EE9 /* PDFKit */;
			targetProxy = 90DA1DD61D1C48EB00519EE9 /* PBXContainerItemProxy */;
		};
/* End PBXTargetDependency section */

/* Begin PBXVariantGroup section */
		90DA1DC81D1C48EB00519EE9 /* Main.storyboard */ = {
			isa = PBXVariantGroup;
			children = (
				90DA1DC91D1C48EB00519EE9 /* Base */,
			);
			name = Main.storyboard;
			sourceTree = "<group>";
		};
		90DA1DCD1D1C48EB00519EE9 /* LaunchScreen.storyboard */ = {
			isa = PBXVariantGroup;
			children = (
				90DA1DCE1D1C48EB00519EE9 /* Base */,
			);
			name = LaunchScreen.storyboard;
			sourceTree = "<group>";
		};
/* End PBXVariantGroup section */

/* Begin XCBuildConfiguration section */
		90DA1DDC1D1C48EB00519EE9 /* Debug */ = {
			isa = XCBuildConfiguration;
			buildSettings = {
				ALWAYS_SEARCH_USER_PATHS = NO;
				CLANG_ANALYZER_NONNULL = YES;
				CLANG_CXX_LANGUAGE_STANDARD = "gnu++0x";
				CLANG_CXX_LIBRARY = "libc++";
				CLANG_ENABLE_MODULES = YES;
				CLANG_ENABLE_OBJC_ARC = YES;
				CLANG_WARN_BOOL_CONVERSION = YES;
				CLANG_WARN_CONSTANT_CONVERSION = YES;
				CLANG_WARN_DIRECT_OBJC_ISA_USAGE = YES_ERROR;
				CLANG_WARN_EMPTY_BODY = YES;
				CLANG_WARN_ENUM_CONVERSION = YES;
				CLANG_WARN_INT_CONVERSION = YES;
				CLANG_WARN_OBJC_ROOT_CLASS = YES_ERROR;
				CLANG_WARN_UNREACHABLE_CODE = YES;
				CLANG_WARN__DUPLICATE_METHOD_MATCH = YES;
				"CODE_SIGN_IDENTITY[sdk=iphoneos*]" = "iPhone Developer";
				COPY_PHASE_STRIP = NO;
				DEBUG_INFORMATION_FORMAT = dwarf;
				ENABLE_STRICT_OBJC_MSGSEND = YES;
				ENABLE_TESTABILITY = YES;
				GCC_C_LANGUAGE_STANDARD = gnu99;
				GCC_DYNAMIC_NO_PIC = NO;
				GCC_NO_COMMON_BLOCKS = YES;
				GCC_OPTIMIZATION_LEVEL = 0;
				GCC_PREPROCESSOR_DEFINITIONS = (
					"DEBUG=1",
					"$(inherited)",
				);
				GCC_WARN_64_TO_32_BIT_CONVERSION = YES;
				GCC_WARN_ABOUT_RETURN_TYPE = YES_ERROR;
				GCC_WARN_UNDECLARED_SELECTOR = YES;
				GCC_WARN_UNINITIALIZED_AUTOS = YES_AGGRESSIVE;
				GCC_WARN_UNUSED_FUNCTION = YES;
				GCC_WARN_UNUSED_VARIABLE = YES;
				IPHONEOS_DEPLOYMENT_TARGET = 9.3;
				MTL_ENABLE_DEBUG_INFO = YES;
				ONLY_ACTIVE_ARCH = YES;
				SDKROOT = iphoneos;
				SWIFT_OPTIMIZATION_LEVEL = "-Onone";
				TARGETED_DEVICE_FAMILY = "1,2";
			};
			name = Debug;
		};
		90DA1DDD1D1C48EB00519EE9 /* Release */ = {
			isa = XCBuildConfiguration;
			buildSettings = {
				ALWAYS_SEARCH_USER_PATHS = NO;
				CLANG_ANALYZER_NONNULL = YES;
				CLANG_CXX_LANGUAGE_STANDARD = "gnu++0x";
				CLANG_CXX_LIBRARY = "libc++";
				CLANG_ENABLE_MODULES = YES;
				CLANG_ENABLE_OBJC_ARC = YES;
				CLANG_WARN_BOOL_CONVERSION = YES;
				CLANG_WARN_CONSTANT_CONVERSION = YES;
				CLANG_WARN_DIRECT_OBJC_ISA_USAGE = YES_ERROR;
				CLANG_WARN_EMPTY_BODY = YES;
				CLANG_WARN_ENUM_CONVERSION = YES;
				CLANG_WARN_INT_CONVERSION = YES;
				CLANG_WARN_OBJC_ROOT_CLASS = YES_ERROR;
				CLANG_WARN_UNREACHABLE_CODE = YES;
				CLANG_WARN__DUPLICATE_METHOD_MATCH = YES;
				"CODE_SIGN_IDENTITY[sdk=iphoneos*]" = "iPhone Developer";
				COPY_PHASE_STRIP = NO;
				DEBUG_INFORMATION_FORMAT = "dwarf-with-dsym";
				ENABLE_NS_ASSERTIONS = NO;
				ENABLE_STRICT_OBJC_MSGSEND = YES;
				GCC_C_LANGUAGE_STANDARD = gnu99;
				GCC_NO_COMMON_BLOCKS = YES;
				GCC_WARN_64_TO_32_BIT_CONVERSION = YES;
				GCC_WARN_ABOUT_RETURN_TYPE = YES_ERROR;
				GCC_WARN_UNDECLARED_SELECTOR = YES;
				GCC_WARN_UNINITIALIZED_AUTOS = YES_AGGRESSIVE;
				GCC_WARN_UNUSED_FUNCTION = YES;
				GCC_WARN_UNUSED_VARIABLE = YES;
				IPHONEOS_DEPLOYMENT_TARGET = 9.3;
				MTL_ENABLE_DEBUG_INFO = NO;
				SDKROOT = iphoneos;
				TARGETED_DEVICE_FAMILY = "1,2";
				VALIDATE_PRODUCT = YES;
			};
			name = Release;
		};
		90DA1DDF1D1C48EB00519EE9 /* Debug */ = {
			isa = XCBuildConfiguration;
			buildSettings = {
				ASSETCATALOG_COMPILER_APPICON_NAME = AppIcon;
				CLANG_ENABLE_MODULES = YES;
				INFOPLIST_FILE = PDFKit/Info.plist;
				LD_RUNPATH_SEARCH_PATHS = "$(inherited) @executable_path/Frameworks";
				PRODUCT_BUNDLE_IDENTIFIER = BE.PDFKit;
				PRODUCT_NAME = "$(TARGET_NAME)";
				SWIFT_OBJC_BRIDGING_HEADER = "PDFKit/PDFKit-Bridging-Header.h";
				SWIFT_OPTIMIZATION_LEVEL = "-Onone";
			};
			name = Debug;
		};
		90DA1DE01D1C48EB00519EE9 /* Release */ = {
			isa = XCBuildConfiguration;
			buildSettings = {
				ASSETCATALOG_COMPILER_APPICON_NAME = AppIcon;
				CLANG_ENABLE_MODULES = YES;
				INFOPLIST_FILE = PDFKit/Info.plist;
				LD_RUNPATH_SEARCH_PATHS = "$(inherited) @executable_path/Frameworks";
				PRODUCT_BUNDLE_IDENTIFIER = BE.PDFKit;
				PRODUCT_NAME = "$(TARGET_NAME)";
				SWIFT_OBJC_BRIDGING_HEADER = "PDFKit/PDFKit-Bridging-Header.h";
			};
			name = Release;
		};
		90DA1DE21D1C48EB00519EE9 /* Debug */ = {
			isa = XCBuildConfiguration;
			buildSettings = {
				BUNDLE_LOADER = "$(TEST_HOST)";
				INFOPLIST_FILE = PDFKitTests/Info.plist;
				LD_RUNPATH_SEARCH_PATHS = "$(inherited) @executable_path/Frameworks @loader_path/Frameworks";
				PRODUCT_BUNDLE_IDENTIFIER = BE.PDFKitTests;
				PRODUCT_NAME = "$(TARGET_NAME)";
				TEST_HOST = "$(BUILT_PRODUCTS_DIR)/PDFKit.app/PDFKit";
			};
			name = Debug;
		};
		90DA1DE31D1C48EB00519EE9 /* Release */ = {
			isa = XCBuildConfiguration;
			buildSettings = {
				BUNDLE_LOADER = "$(TEST_HOST)";
				INFOPLIST_FILE = PDFKitTests/Info.plist;
				LD_RUNPATH_SEARCH_PATHS = "$(inherited) @executable_path/Frameworks @loader_path/Frameworks";
				PRODUCT_BUNDLE_IDENTIFIER = BE.PDFKitTests;
				PRODUCT_NAME = "$(TARGET_NAME)";
				TEST_HOST = "$(BUILT_PRODUCTS_DIR)/PDFKit.app/PDFKit";
			};
			name = Release;
		};
/* End XCBuildConfiguration section */

/* Begin XCConfigurationList section */
		90DA1DBC1D1C48EB00519EE9 /* Build configuration list for PBXProject "PDFKit" */ = {
			isa = XCConfigurationList;
			buildConfigurations = (
				90DA1DDC1D1C48EB00519EE9 /* Debug */,
				90DA1DDD1D1C48EB00519EE9 /* Release */,
			);
			defaultConfigurationIsVisible = 0;
			defaultConfigurationName = Release;
		};
		90DA1DDE1D1C48EB00519EE9 /* Build configuration list for PBXNativeTarget "PDFKit" */ = {
			isa = XCConfigurationList;
			buildConfigurations = (
				90DA1DDF1D1C48EB00519EE9 /* Debug */,
				90DA1DE01D1C48EB00519EE9 /* Release */,
			);
			defaultConfigurationIsVisible = 0;
			defaultConfigurationName = Release;
		};
		90DA1DE11D1C48EB00519EE9 /* Build configuration list for PBXNativeTarget "PDFKitTests" */ = {
			isa = XCConfigurationList;
			buildConfigurations = (
				90DA1DE21D1C48EB00519EE9 /* Debug */,
				90DA1DE31D1C48EB00519EE9 /* Release */,
			);
			defaultConfigurationIsVisible = 0;
			defaultConfigurationName = Release;
		};
/* End XCConfigurationList section */
	};
	rootObject = 90DA1DB91D1C48EB00519EE9 /* Project object */;
}
